// !$*UTF8*$!
{
	archiveVersion = 1;
	classes = {
	};
	objectVersion = 55;
	objects = {

/* Begin PBXBuildFile section */
		092FE4C027D80595007A1768 /* WorkoutListView.swift in Sources */ = {isa = PBXBuildFile; fileRef = 092FE4BF27D80595007A1768 /* WorkoutListView.swift */; };
		092FE4C227D80D6E007A1768 /* Theme.swift in Sources */ = {isa = PBXBuildFile; fileRef = 092FE4C127D80D6D007A1768 /* Theme.swift */; };
		092FE4C527D83705007A1768 /* ObjectiveModel.xcdatamodeld in Sources */ = {isa = PBXBuildFile; fileRef = 092FE4C327D83705007A1768 /* ObjectiveModel.xcdatamodeld */; };
		092FE4C727D83A51007A1768 /* CoreDataManager.swift in Sources */ = {isa = PBXBuildFile; fileRef = 092FE4C627D83A51007A1768 /* CoreDataManager.swift */; };
		092FE4C927D83E82007A1768 /* ExerciseExtensions.swift in Sources */ = {isa = PBXBuildFile; fileRef = 092FE4C827D83E82007A1768 /* ExerciseExtensions.swift */; };
		092FE4CB27D840A8007A1768 /* BaseModel.swift in Sources */ = {isa = PBXBuildFile; fileRef = 092FE4CA27D840A8007A1768 /* BaseModel.swift */; };
		092FE4CD27D84129007A1768 /* WorkoutExtensions.swift in Sources */ = {isa = PBXBuildFile; fileRef = 092FE4CC27D84129007A1768 /* WorkoutExtensions.swift */; };
		092FE4CF27D844A6007A1768 /* JournalExtensions.swift in Sources */ = {isa = PBXBuildFile; fileRef = 092FE4CE27D844A6007A1768 /* JournalExtensions.swift */; };
		092FE4D127D8468D007A1768 /* ViewExtensions.swift in Sources */ = {isa = PBXBuildFile; fileRef = 092FE4D027D8468D007A1768 /* ViewExtensions.swift */; };
		092FE4D327D846BB007A1768 /* DateExtensions.swift in Sources */ = {isa = PBXBuildFile; fileRef = 092FE4D227D846BB007A1768 /* DateExtensions.swift */; };
		092FE4D527D846EA007A1768 /* StringExtensions.swift in Sources */ = {isa = PBXBuildFile; fileRef = 092FE4D427D846EA007A1768 /* StringExtensions.swift */; };
		092FE4D727D8483E007A1768 /* AddWorkoutViewModel.swift in Sources */ = {isa = PBXBuildFile; fileRef = 092FE4D627D8483E007A1768 /* AddWorkoutViewModel.swift */; };
		092FE4D927D84B38007A1768 /* WorkoutListViewModel.swift in Sources */ = {isa = PBXBuildFile; fileRef = 092FE4D827D84B38007A1768 /* WorkoutListViewModel.swift */; };
		092FE4DB27D855BC007A1768 /* WorkoutDetail.swift in Sources */ = {isa = PBXBuildFile; fileRef = 092FE4DA27D855BC007A1768 /* WorkoutDetail.swift */; };
		092FE4DD27D855F8007A1768 /* WorkoutCell.swift in Sources */ = {isa = PBXBuildFile; fileRef = 092FE4DC27D855F8007A1768 /* WorkoutCell.swift */; };
		092FE4DF27D8575E007A1768 /* AddWorkoutView.swift in Sources */ = {isa = PBXBuildFile; fileRef = 092FE4DE27D8575E007A1768 /* AddWorkoutView.swift */; };
		092FE4E327D8623C007A1768 /* ExerciseListViewModel.swift in Sources */ = {isa = PBXBuildFile; fileRef = 092FE4E227D8623C007A1768 /* ExerciseListViewModel.swift */; };
		092FE4E527D97676007A1768 /* RatingView.swift in Sources */ = {isa = PBXBuildFile; fileRef = 092FE4E427D97676007A1768 /* RatingView.swift */; };
		093C090527D700B2006458D4 /* Objectives1_2App.swift in Sources */ = {isa = PBXBuildFile; fileRef = 093C090427D700B2006458D4 /* Objectives1_2App.swift */; };
		093C090727D700B2006458D4 /* ContentView.swift in Sources */ = {isa = PBXBuildFile; fileRef = 093C090627D700B2006458D4 /* ContentView.swift */; };
		093C090927D700B4006458D4 /* Assets.xcassets in Resources */ = {isa = PBXBuildFile; fileRef = 093C090827D700B4006458D4 /* Assets.xcassets */; };
		093C090C27D700B4006458D4 /* Preview Assets.xcassets in Resources */ = {isa = PBXBuildFile; fileRef = 093C090B27D700B4006458D4 /* Preview Assets.xcassets */; };
		093C091627D700B4006458D4 /* Objectives1_2Tests.swift in Sources */ = {isa = PBXBuildFile; fileRef = 093C091527D700B4006458D4 /* Objectives1_2Tests.swift */; };
		093C092027D700B4006458D4 /* Objectives1_2UITests.swift in Sources */ = {isa = PBXBuildFile; fileRef = 093C091F27D700B4006458D4 /* Objectives1_2UITests.swift */; };
		093C092227D700B4006458D4 /* Objectives1_2UITestsLaunchTests.swift in Sources */ = {isa = PBXBuildFile; fileRef = 093C092127D700B4006458D4 /* Objectives1_2UITestsLaunchTests.swift */; };
		093C093027D70155006458D4 /* MainView.swift in Sources */ = {isa = PBXBuildFile; fileRef = 093C092F27D70155006458D4 /* MainView.swift */; };
		093C093227D703D4006458D4 /* SideMenuView.swift in Sources */ = {isa = PBXBuildFile; fileRef = 093C093127D703D4006458D4 /* SideMenuView.swift */; };
		093C093427D7068D006458D4 /* HomeView.swift in Sources */ = {isa = PBXBuildFile; fileRef = 093C093327D7068D006458D4 /* HomeView.swift */; };
		093C093627D70E8B006458D4 /* TabButtonView.swift in Sources */ = {isa = PBXBuildFile; fileRef = 093C093527D70E8B006458D4 /* TabButtonView.swift */; };
		093C093827D71A63006458D4 /* CustomCorners.swift in Sources */ = {isa = PBXBuildFile; fileRef = 093C093727D71A63006458D4 /* CustomCorners.swift */; };
		093C093A27D7312E006458D4 /* HistoryView.swift in Sources */ = {isa = PBXBuildFile; fileRef = 093C093927D7312E006458D4 /* HistoryView.swift */; };
		093C093C27D73178006458D4 /* NotificationsView.swift in Sources */ = {isa = PBXBuildFile; fileRef = 093C093B27D73178006458D4 /* NotificationsView.swift */; };
		093C093E27D73266006458D4 /* SettingsView.swift in Sources */ = {isa = PBXBuildFile; fileRef = 093C093D27D73266006458D4 /* SettingsView.swift */; };
		093C094027D732D8006458D4 /* HelpView.swift in Sources */ = {isa = PBXBuildFile; fileRef = 093C093F27D732D8006458D4 /* HelpView.swift */; };
/* End PBXBuildFile section */

/* Begin PBXContainerItemProxy section */
		093C091227D700B4006458D4 /* PBXContainerItemProxy */ = {
			isa = PBXContainerItemProxy;
			containerPortal = 093C08F927D700B2006458D4 /* Project object */;
			proxyType = 1;
			remoteGlobalIDString = 093C090027D700B2006458D4;
			remoteInfo = Objectives1.2;
		};
		093C091C27D700B4006458D4 /* PBXContainerItemProxy */ = {
			isa = PBXContainerItemProxy;
			containerPortal = 093C08F927D700B2006458D4 /* Project object */;
			proxyType = 1;
			remoteGlobalIDString = 093C090027D700B2006458D4;
			remoteInfo = Objectives1.2;
		};
/* End PBXContainerItemProxy section */

/* Begin PBXFileReference section */
		092FE4BF27D80595007A1768 /* WorkoutListView.swift */ = {isa = PBXFileReference; lastKnownFileType = sourcecode.swift; path = WorkoutListView.swift; sourceTree = "<group>"; };
		092FE4C127D80D6D007A1768 /* Theme.swift */ = {isa = PBXFileReference; lastKnownFileType = sourcecode.swift; path = Theme.swift; sourceTree = "<group>"; };
		092FE4C427D83705007A1768 /* ObjectiveModel.xcdatamodel */ = {isa = PBXFileReference; lastKnownFileType = wrapper.xcdatamodel; path = ObjectiveModel.xcdatamodel; sourceTree = "<group>"; };
		092FE4C627D83A51007A1768 /* CoreDataManager.swift */ = {isa = PBXFileReference; lastKnownFileType = sourcecode.swift; path = CoreDataManager.swift; sourceTree = "<group>"; };
		092FE4C827D83E82007A1768 /* ExerciseExtensions.swift */ = {isa = PBXFileReference; lastKnownFileType = sourcecode.swift; path = ExerciseExtensions.swift; sourceTree = "<group>"; };
		092FE4CA27D840A8007A1768 /* BaseModel.swift */ = {isa = PBXFileReference; lastKnownFileType = sourcecode.swift; path = BaseModel.swift; sourceTree = "<group>"; };
		092FE4CC27D84129007A1768 /* WorkoutExtensions.swift */ = {isa = PBXFileReference; lastKnownFileType = sourcecode.swift; path = WorkoutExtensions.swift; sourceTree = "<group>"; };
		092FE4CE27D844A6007A1768 /* JournalExtensions.swift */ = {isa = PBXFileReference; lastKnownFileType = sourcecode.swift; path = JournalExtensions.swift; sourceTree = "<group>"; };
		092FE4D027D8468D007A1768 /* ViewExtensions.swift */ = {isa = PBXFileReference; lastKnownFileType = sourcecode.swift; path = ViewExtensions.swift; sourceTree = "<group>"; };
		092FE4D227D846BB007A1768 /* DateExtensions.swift */ = {isa = PBXFileReference; lastKnownFileType = sourcecode.swift; path = DateExtensions.swift; sourceTree = "<group>"; };
		092FE4D427D846EA007A1768 /* StringExtensions.swift */ = {isa = PBXFileReference; lastKnownFileType = sourcecode.swift; path = StringExtensions.swift; sourceTree = "<group>"; };
		092FE4D627D8483E007A1768 /* AddWorkoutViewModel.swift */ = {isa = PBXFileReference; lastKnownFileType = sourcecode.swift; path = AddWorkoutViewModel.swift; sourceTree = "<group>"; };
		092FE4D827D84B38007A1768 /* WorkoutListViewModel.swift */ = {isa = PBXFileReference; lastKnownFileType = sourcecode.swift; path = WorkoutListViewModel.swift; sourceTree = "<group>"; };
		092FE4DA27D855BC007A1768 /* WorkoutDetail.swift */ = {isa = PBXFileReference; lastKnownFileType = sourcecode.swift; path = WorkoutDetail.swift; sourceTree = "<group>"; };
		092FE4DC27D855F8007A1768 /* WorkoutCell.swift */ = {isa = PBXFileReference; lastKnownFileType = sourcecode.swift; path = WorkoutCell.swift; sourceTree = "<group>"; };
		092FE4DE27D8575E007A1768 /* AddWorkoutView.swift */ = {isa = PBXFileReference; lastKnownFileType = sourcecode.swift; path = AddWorkoutView.swift; sourceTree = "<group>"; };
		092FE4E227D8623C007A1768 /* ExerciseListViewModel.swift */ = {isa = PBXFileReference; lastKnownFileType = sourcecode.swift; path = ExerciseListViewModel.swift; sourceTree = "<group>"; };
		092FE4E427D97676007A1768 /* RatingView.swift */ = {isa = PBXFileReference; lastKnownFileType = sourcecode.swift; path = RatingView.swift; sourceTree = "<group>"; };
		093C090127D700B2006458D4 /* Objectives1.2.app */ = {isa = PBXFileReference; explicitFileType = wrapper.application; includeInIndex = 0; path = Objectives1.2.app; sourceTree = BUILT_PRODUCTS_DIR; };
		093C090427D700B2006458D4 /* Objectives1_2App.swift */ = {isa = PBXFileReference; lastKnownFileType = sourcecode.swift; path = Objectives1_2App.swift; sourceTree = "<group>"; };
		093C090627D700B2006458D4 /* ContentView.swift */ = {isa = PBXFileReference; lastKnownFileType = sourcecode.swift; path = ContentView.swift; sourceTree = "<group>"; };
		093C090827D700B4006458D4 /* Assets.xcassets */ = {isa = PBXFileReference; lastKnownFileType = folder.assetcatalog; path = Assets.xcassets; sourceTree = "<group>"; };
		093C090B27D700B4006458D4 /* Preview Assets.xcassets */ = {isa = PBXFileReference; lastKnownFileType = folder.assetcatalog; path = "Preview Assets.xcassets"; sourceTree = "<group>"; };
		093C091127D700B4006458D4 /* Objectives1.2Tests.xctest */ = {isa = PBXFileReference; explicitFileType = wrapper.cfbundle; includeInIndex = 0; path = Objectives1.2Tests.xctest; sourceTree = BUILT_PRODUCTS_DIR; };
		093C091527D700B4006458D4 /* Objectives1_2Tests.swift */ = {isa = PBXFileReference; lastKnownFileType = sourcecode.swift; path = Objectives1_2Tests.swift; sourceTree = "<group>"; };
		093C091B27D700B4006458D4 /* Objectives1.2UITests.xctest */ = {isa = PBXFileReference; explicitFileType = wrapper.cfbundle; includeInIndex = 0; path = Objectives1.2UITests.xctest; sourceTree = BUILT_PRODUCTS_DIR; };
		093C091F27D700B4006458D4 /* Objectives1_2UITests.swift */ = {isa = PBXFileReference; lastKnownFileType = sourcecode.swift; path = Objectives1_2UITests.swift; sourceTree = "<group>"; };
		093C092127D700B4006458D4 /* Objectives1_2UITestsLaunchTests.swift */ = {isa = PBXFileReference; lastKnownFileType = sourcecode.swift; path = Objectives1_2UITestsLaunchTests.swift; sourceTree = "<group>"; };
		093C092F27D70155006458D4 /* MainView.swift */ = {isa = PBXFileReference; lastKnownFileType = sourcecode.swift; path = MainView.swift; sourceTree = "<group>"; };
		093C093127D703D4006458D4 /* SideMenuView.swift */ = {isa = PBXFileReference; lastKnownFileType = sourcecode.swift; path = SideMenuView.swift; sourceTree = "<group>"; };
		093C093327D7068D006458D4 /* HomeView.swift */ = {isa = PBXFileReference; lastKnownFileType = sourcecode.swift; path = HomeView.swift; sourceTree = "<group>"; };
		093C093527D70E8B006458D4 /* TabButtonView.swift */ = {isa = PBXFileReference; lastKnownFileType = sourcecode.swift; path = TabButtonView.swift; sourceTree = "<group>"; };
		093C093727D71A63006458D4 /* CustomCorners.swift */ = {isa = PBXFileReference; lastKnownFileType = sourcecode.swift; path = CustomCorners.swift; sourceTree = "<group>"; };
		093C093927D7312E006458D4 /* HistoryView.swift */ = {isa = PBXFileReference; lastKnownFileType = sourcecode.swift; path = HistoryView.swift; sourceTree = "<group>"; };
		093C093B27D73178006458D4 /* NotificationsView.swift */ = {isa = PBXFileReference; lastKnownFileType = sourcecode.swift; path = NotificationsView.swift; sourceTree = "<group>"; };
		093C093D27D73266006458D4 /* SettingsView.swift */ = {isa = PBXFileReference; lastKnownFileType = sourcecode.swift; path = SettingsView.swift; sourceTree = "<group>"; };
		093C093F27D732D8006458D4 /* HelpView.swift */ = {isa = PBXFileReference; lastKnownFileType = sourcecode.swift; path = HelpView.swift; sourceTree = "<group>"; };
/* End PBXFileReference section */

/* Begin PBXFrameworksBuildPhase section */
		093C08FE27D700B2006458D4 /* Frameworks */ = {
			isa = PBXFrameworksBuildPhase;
			buildActionMask = 2147483647;
			files = (
			);
			runOnlyForDeploymentPostprocessing = 0;
		};
		093C090E27D700B4006458D4 /* Frameworks */ = {
			isa = PBXFrameworksBuildPhase;
			buildActionMask = 2147483647;
			files = (
			);
			runOnlyForDeploymentPostprocessing = 0;
		};
		093C091827D700B4006458D4 /* Frameworks */ = {
			isa = PBXFrameworksBuildPhase;
			buildActionMask = 2147483647;
			files = (
			);
			runOnlyForDeploymentPostprocessing = 0;
		};
/* End PBXFrameworksBuildPhase section */

/* Begin PBXGroup section */
		092FE4BB27D801D2007A1768 /* Managers */ = {
			isa = PBXGroup;
			children = (
				092FE4C627D83A51007A1768 /* CoreDataManager.swift */,
			);
			path = Managers;
			sourceTree = "<group>";
		};
		092FE4BC27D801DC007A1768 /* ViewModels */ = {
			isa = PBXGroup;
			children = (
				092FE4D627D8483E007A1768 /* AddWorkoutViewModel.swift */,
				092FE4D827D84B38007A1768 /* WorkoutListViewModel.swift */,
				092FE4E227D8623C007A1768 /* ExerciseListViewModel.swift */,
			);
			path = ViewModels;
			sourceTree = "<group>";
		};
		092FE4BD27D801E8007A1768 /* Models */ = {
			isa = PBXGroup;
			children = (
				092FE4C327D83705007A1768 /* ObjectiveModel.xcdatamodeld */,
				092FE4C127D80D6D007A1768 /* Theme.swift */,
				092FE4CA27D840A8007A1768 /* BaseModel.swift */,
				092FE4BE27D801F7007A1768 /* Extensions */,
			);
			path = Models;
			sourceTree = "<group>";
		};
		092FE4BE27D801F7007A1768 /* Extensions */ = {
			isa = PBXGroup;
			children = (
				092FE4CE27D844A6007A1768 /* JournalExtensions.swift */,
				092FE4CC27D84129007A1768 /* WorkoutExtensions.swift */,
				092FE4C827D83E82007A1768 /* ExerciseExtensions.swift */,
				092FE4D027D8468D007A1768 /* ViewExtensions.swift */,
				092FE4D227D846BB007A1768 /* DateExtensions.swift */,
				092FE4D427D846EA007A1768 /* StringExtensions.swift */,
			);
			path = Extensions;
			sourceTree = "<group>";
		};
		093C08F827D700B2006458D4 = {
			isa = PBXGroup;
			children = (
				093C090327D700B2006458D4 /* Objectives1.2 */,
				093C091427D700B4006458D4 /* Objectives1.2Tests */,
				093C091E27D700B4006458D4 /* Objectives1.2UITests */,
				093C090227D700B2006458D4 /* Products */,
			);
			sourceTree = "<group>";
		};
		093C090227D700B2006458D4 /* Products */ = {
			isa = PBXGroup;
			children = (
				093C090127D700B2006458D4 /* Objectives1.2.app */,
				093C091127D700B4006458D4 /* Objectives1.2Tests.xctest */,
				093C091B27D700B4006458D4 /* Objectives1.2UITests.xctest */,
			);
			name = Products;
			sourceTree = "<group>";
		};
		093C090327D700B2006458D4 /* Objectives1.2 */ = {
			isa = PBXGroup;
			children = (
				093C090427D700B2006458D4 /* Objectives1_2App.swift */,
				093C092E27D700F0006458D4 /* Views */,
				092FE4BC27D801DC007A1768 /* ViewModels */,
				092FE4BD27D801E8007A1768 /* Models */,
				092FE4BB27D801D2007A1768 /* Managers */,
				093C090827D700B4006458D4 /* Assets.xcassets */,
				093C090A27D700B4006458D4 /* Preview Content */,
			);
			path = Objectives1.2;
			sourceTree = "<group>";
		};
		093C090A27D700B4006458D4 /* Preview Content */ = {
			isa = PBXGroup;
			children = (
				093C090B27D700B4006458D4 /* Preview Assets.xcassets */,
			);
			path = "Preview Content";
			sourceTree = "<group>";
		};
		093C091427D700B4006458D4 /* Objectives1.2Tests */ = {
			isa = PBXGroup;
			children = (
				093C091527D700B4006458D4 /* Objectives1_2Tests.swift */,
			);
			path = Objectives1.2Tests;
			sourceTree = "<group>";
		};
		093C091E27D700B4006458D4 /* Objectives1.2UITests */ = {
			isa = PBXGroup;
			children = (
				093C091F27D700B4006458D4 /* Objectives1_2UITests.swift */,
				093C092127D700B4006458D4 /* Objectives1_2UITestsLaunchTests.swift */,
			);
			path = Objectives1.2UITests;
			sourceTree = "<group>";
		};
		093C092E27D700F0006458D4 /* Views */ = {
			isa = PBXGroup;
			children = (
				093C094127D7366E006458D4 /* SideMenuDrawer */,
				092FE4DA27D855BC007A1768 /* WorkoutDetail.swift */,
				092FE4BF27D80595007A1768 /* WorkoutListView.swift */,
				092FE4DC27D855F8007A1768 /* WorkoutCell.swift */,
				092FE4DE27D8575E007A1768 /* AddWorkoutView.swift */,
				092FE4E427D97676007A1768 /* RatingView.swift */,
			);
			path = Views;
			sourceTree = "<group>";
		};
		093C094127D7366E006458D4 /* SideMenuDrawer */ = {
			isa = PBXGroup;
			children = (
				093C092F27D70155006458D4 /* MainView.swift */,
				093C090627D700B2006458D4 /* ContentView.swift */,
				093C093127D703D4006458D4 /* SideMenuView.swift */,
				093C093327D7068D006458D4 /* HomeView.swift */,
				093C093527D70E8B006458D4 /* TabButtonView.swift */,
				093C093727D71A63006458D4 /* CustomCorners.swift */,
				093C093927D7312E006458D4 /* HistoryView.swift */,
				093C093B27D73178006458D4 /* NotificationsView.swift */,
				093C093D27D73266006458D4 /* SettingsView.swift */,
				093C093F27D732D8006458D4 /* HelpView.swift */,
			);
			path = SideMenuDrawer;
			sourceTree = "<group>";
		};
/* End PBXGroup section */

/* Begin PBXNativeTarget section */
		093C090027D700B2006458D4 /* Objectives1.2 */ = {
			isa = PBXNativeTarget;
			buildConfigurationList = 093C092527D700B4006458D4 /* Build configuration list for PBXNativeTarget "Objectives1.2" */;
			buildPhases = (
				093C08FD27D700B2006458D4 /* Sources */,
				093C08FE27D700B2006458D4 /* Frameworks */,
				093C08FF27D700B2006458D4 /* Resources */,
			);
			buildRules = (
			);
			dependencies = (
			);
			name = Objectives1.2;
			productName = Objectives1.2;
			productReference = 093C090127D700B2006458D4 /* Objectives1.2.app */;
			productType = "com.apple.product-type.application";
		};
		093C091027D700B4006458D4 /* Objectives1.2Tests */ = {
			isa = PBXNativeTarget;
			buildConfigurationList = 093C092827D700B4006458D4 /* Build configuration list for PBXNativeTarget "Objectives1.2Tests" */;
			buildPhases = (
				093C090D27D700B4006458D4 /* Sources */,
				093C090E27D700B4006458D4 /* Frameworks */,
				093C090F27D700B4006458D4 /* Resources */,
			);
			buildRules = (
			);
			dependencies = (
				093C091327D700B4006458D4 /* PBXTargetDependency */,
			);
			name = Objectives1.2Tests;
			productName = Objectives1.2Tests;
			productReference = 093C091127D700B4006458D4 /* Objectives1.2Tests.xctest */;
			productType = "com.apple.product-type.bundle.unit-test";
		};
		093C091A27D700B4006458D4 /* Objectives1.2UITests */ = {
			isa = PBXNativeTarget;
			buildConfigurationList = 093C092B27D700B4006458D4 /* Build configuration list for PBXNativeTarget "Objectives1.2UITests" */;
			buildPhases = (
				093C091727D700B4006458D4 /* Sources */,
				093C091827D700B4006458D4 /* Frameworks */,
				093C091927D700B4006458D4 /* Resources */,
			);
			buildRules = (
			);
			dependencies = (
				093C091D27D700B4006458D4 /* PBXTargetDependency */,
			);
			name = Objectives1.2UITests;
			productName = Objectives1.2UITests;
			productReference = 093C091B27D700B4006458D4 /* Objectives1.2UITests.xctest */;
			productType = "com.apple.product-type.bundle.ui-testing";
		};
/* End PBXNativeTarget section */

/* Begin PBXProject section */
		093C08F927D700B2006458D4 /* Project object */ = {
			isa = PBXProject;
			attributes = {
				BuildIndependentTargetsInParallel = 1;
				LastSwiftUpdateCheck = 1320;
				LastUpgradeCheck = 1320;
				TargetAttributes = {
					093C090027D700B2006458D4 = {
						CreatedOnToolsVersion = 13.2.1;
					};
					093C091027D700B4006458D4 = {
						CreatedOnToolsVersion = 13.2.1;
						TestTargetID = 093C090027D700B2006458D4;
					};
					093C091A27D700B4006458D4 = {
						CreatedOnToolsVersion = 13.2.1;
						TestTargetID = 093C090027D700B2006458D4;
					};
				};
			};
			buildConfigurationList = 093C08FC27D700B2006458D4 /* Build configuration list for PBXProject "Objectives1.2" */;
			compatibilityVersion = "Xcode 13.0";
			developmentRegion = en;
			hasScannedForEncodings = 0;
			knownRegions = (
				en,
				Base,
			);
			mainGroup = 093C08F827D700B2006458D4;
			productRefGroup = 093C090227D700B2006458D4 /* Products */;
			projectDirPath = "";
			projectRoot = "";
			targets = (
				093C090027D700B2006458D4 /* Objectives1.2 */,
				093C091027D700B4006458D4 /* Objectives1.2Tests */,
				093C091A27D700B4006458D4 /* Objectives1.2UITests */,
			);
		};
/* End PBXProject section */

/* Begin PBXResourcesBuildPhase section */
		093C08FF27D700B2006458D4 /* Resources */ = {
			isa = PBXResourcesBuildPhase;
			buildActionMask = 2147483647;
			files = (
				093C090C27D700B4006458D4 /* Preview Assets.xcassets in Resources */,
				093C090927D700B4006458D4 /* Assets.xcassets in Resources */,
			);
			runOnlyForDeploymentPostprocessing = 0;
		};
		093C090F27D700B4006458D4 /* Resources */ = {
			isa = PBXResourcesBuildPhase;
			buildActionMask = 2147483647;
			files = (
			);
			runOnlyForDeploymentPostprocessing = 0;
		};
		093C091927D700B4006458D4 /* Resources */ = {
			isa = PBXResourcesBuildPhase;
			buildActionMask = 2147483647;
			files = (
			);
			runOnlyForDeploymentPostprocessing = 0;
		};
/* End PBXResourcesBuildPhase section */

/* Begin PBXSourcesBuildPhase section */
		093C08FD27D700B2006458D4 /* Sources */ = {
			isa = PBXSourcesBuildPhase;
			buildActionMask = 2147483647;
			files = (
				093C090727D700B2006458D4 /* ContentView.swift in Sources */,
				092FE4DD27D855F8007A1768 /* WorkoutCell.swift in Sources */,
				092FE4E327D8623C007A1768 /* ExerciseListViewModel.swift in Sources */,
				093C093A27D7312E006458D4 /* HistoryView.swift in Sources */,
				092FE4C027D80595007A1768 /* WorkoutListView.swift in Sources */,
				092FE4DB27D855BC007A1768 /* WorkoutDetail.swift in Sources */,
				092FE4C727D83A51007A1768 /* CoreDataManager.swift in Sources */,
				093C093027D70155006458D4 /* MainView.swift in Sources */,
				092FE4CD27D84129007A1768 /* WorkoutExtensions.swift in Sources */,
				092FE4D527D846EA007A1768 /* StringExtensions.swift in Sources */,
				092FE4C227D80D6E007A1768 /* Theme.swift in Sources */,
				092FE4D927D84B38007A1768 /* WorkoutListViewModel.swift in Sources */,
				092FE4E527D97676007A1768 /* RatingView.swift in Sources */,
				092FE4CF27D844A6007A1768 /* JournalExtensions.swift in Sources */,
				093C093627D70E8B006458D4 /* TabButtonView.swift in Sources */,
				092FE4DF27D8575E007A1768 /* AddWorkoutView.swift in Sources */,
				093C093227D703D4006458D4 /* SideMenuView.swift in Sources */,
				092FE4C527D83705007A1768 /* ObjectiveModel.xcdatamodeld in Sources */,
				093C094027D732D8006458D4 /* HelpView.swift in Sources */,
				093C093E27D73266006458D4 /* SettingsView.swift in Sources */,
				092FE4CB27D840A8007A1768 /* BaseModel.swift in Sources */,
				092FE4D327D846BB007A1768 /* DateExtensions.swift in Sources */,
				092FE4C927D83E82007A1768 /* ExerciseExtensions.swift in Sources */,
				093C093427D7068D006458D4 /* HomeView.swift in Sources */,
				092FE4D727D8483E007A1768 /* AddWorkoutViewModel.swift in Sources */,
				093C093827D71A63006458D4 /* CustomCorners.swift in Sources */,
				093C090527D700B2006458D4 /* Objectives1_2App.swift in Sources */,
				092FE4D127D8468D007A1768 /* ViewExtensions.swift in Sources */,
				093C093C27D73178006458D4 /* NotificationsView.swift in Sources */,
			);
			runOnlyForDeploymentPostprocessing = 0;
		};
		093C090D27D700B4006458D4 /* Sources */ = {
			isa = PBXSourcesBuildPhase;
			buildActionMask = 2147483647;
			files = (
				093C091627D700B4006458D4 /* Objectives1_2Tests.swift in Sources */,
			);
			runOnlyForDeploymentPostprocessing = 0;
		};
		093C091727D700B4006458D4 /* Sources */ = {
			isa = PBXSourcesBuildPhase;
			buildActionMask = 2147483647;
			files = (
				093C092027D700B4006458D4 /* Objectives1_2UITests.swift in Sources */,
				093C092227D700B4006458D4 /* Objectives1_2UITestsLaunchTests.swift in Sources */,
			);
			runOnlyForDeploymentPostprocessing = 0;
		};
/* End PBXSourcesBuildPhase section */

/* Begin PBXTargetDependency section */
		093C091327D700B4006458D4 /* PBXTargetDependency */ = {
			isa = PBXTargetDependency;
			target = 093C090027D700B2006458D4 /* Objectives1.2 */;
			targetProxy = 093C091227D700B4006458D4 /* PBXContainerItemProxy */;
		};
		093C091D27D700B4006458D4 /* PBXTargetDependency */ = {
			isa = PBXTargetDependency;
			target = 093C090027D700B2006458D4 /* Objectives1.2 */;
			targetProxy = 093C091C27D700B4006458D4 /* PBXContainerItemProxy */;
		};
/* End PBXTargetDependency section */

/* Begin XCBuildConfiguration section */
		093C092327D700B4006458D4 /* Debug */ = {
			isa = XCBuildConfiguration;
			buildSettings = {
				ALWAYS_SEARCH_USER_PATHS = NO;
				CLANG_ANALYZER_NONNULL = YES;
				CLANG_ANALYZER_NUMBER_OBJECT_CONVERSION = YES_AGGRESSIVE;
				CLANG_CXX_LANGUAGE_STANDARD = "gnu++17";
				CLANG_CXX_LIBRARY = "libc++";
				CLANG_ENABLE_MODULES = YES;
				CLANG_ENABLE_OBJC_ARC = YES;
				CLANG_ENABLE_OBJC_WEAK = YES;
				CLANG_WARN_BLOCK_CAPTURE_AUTORELEASING = YES;
				CLANG_WARN_BOOL_CONVERSION = YES;
				CLANG_WARN_COMMA = YES;
				CLANG_WARN_CONSTANT_CONVERSION = YES;
				CLANG_WARN_DEPRECATED_OBJC_IMPLEMENTATIONS = YES;
				CLANG_WARN_DIRECT_OBJC_ISA_USAGE = YES_ERROR;
				CLANG_WARN_DOCUMENTATION_COMMENTS = YES;
				CLANG_WARN_EMPTY_BODY = YES;
				CLANG_WARN_ENUM_CONVERSION = YES;
				CLANG_WARN_INFINITE_RECURSION = YES;
				CLANG_WARN_INT_CONVERSION = YES;
				CLANG_WARN_NON_LITERAL_NULL_CONVERSION = YES;
				CLANG_WARN_OBJC_IMPLICIT_RETAIN_SELF = YES;
				CLANG_WARN_OBJC_LITERAL_CONVERSION = YES;
				CLANG_WARN_OBJC_ROOT_CLASS = YES_ERROR;
				CLANG_WARN_QUOTED_INCLUDE_IN_FRAMEWORK_HEADER = YES;
				CLANG_WARN_RANGE_LOOP_ANALYSIS = YES;
				CLANG_WARN_STRICT_PROTOTYPES = YES;
				CLANG_WARN_SUSPICIOUS_MOVE = YES;
				CLANG_WARN_UNGUARDED_AVAILABILITY = YES_AGGRESSIVE;
				CLANG_WARN_UNREACHABLE_CODE = YES;
				CLANG_WARN__DUPLICATE_METHOD_MATCH = YES;
				COPY_PHASE_STRIP = NO;
				DEBUG_INFORMATION_FORMAT = dwarf;
				ENABLE_STRICT_OBJC_MSGSEND = YES;
				ENABLE_TESTABILITY = YES;
				GCC_C_LANGUAGE_STANDARD = gnu11;
				GCC_DYNAMIC_NO_PIC = NO;
				GCC_NO_COMMON_BLOCKS = YES;
				GCC_OPTIMIZATION_LEVEL = 0;
				GCC_PREPROCESSOR_DEFINITIONS = (
					"DEBUG=1",
					"$(inherited)",
				);
				GCC_WARN_64_TO_32_BIT_CONVERSION = YES;
				GCC_WARN_ABOUT_RETURN_TYPE = YES_ERROR;
				GCC_WARN_UNDECLARED_SELECTOR = YES;
				GCC_WARN_UNINITIALIZED_AUTOS = YES_AGGRESSIVE;
				GCC_WARN_UNUSED_FUNCTION = YES;
				GCC_WARN_UNUSED_VARIABLE = YES;
				IPHONEOS_DEPLOYMENT_TARGET = 15.2;
				MTL_ENABLE_DEBUG_INFO = INCLUDE_SOURCE;
				MTL_FAST_MATH = YES;
				ONLY_ACTIVE_ARCH = YES;
				SDKROOT = iphoneos;
				SWIFT_ACTIVE_COMPILATION_CONDITIONS = DEBUG;
				SWIFT_OPTIMIZATION_LEVEL = "-Onone";
			};
			name = Debug;
		};
		093C092427D700B4006458D4 /* Release */ = {
			isa = XCBuildConfiguration;
			buildSettings = {
				ALWAYS_SEARCH_USER_PATHS = NO;
				CLANG_ANALYZER_NONNULL = YES;
				CLANG_ANALYZER_NUMBER_OBJECT_CONVERSION = YES_AGGRESSIVE;
				CLANG_CXX_LANGUAGE_STANDARD = "gnu++17";
				CLANG_CXX_LIBRARY = "libc++";
				CLANG_ENABLE_MODULES = YES;
				CLANG_ENABLE_OBJC_ARC = YES;
				CLANG_ENABLE_OBJC_WEAK = YES;
				CLANG_WARN_BLOCK_CAPTURE_AUTORELEASING = YES;
				CLANG_WARN_BOOL_CONVERSION = YES;
				CLANG_WARN_COMMA = YES;
				CLANG_WARN_CONSTANT_CONVERSION = YES;
				CLANG_WARN_DEPRECATED_OBJC_IMPLEMENTATIONS = YES;
				CLANG_WARN_DIRECT_OBJC_ISA_USAGE = YES_ERROR;
				CLANG_WARN_DOCUMENTATION_COMMENTS = YES;
				CLANG_WARN_EMPTY_BODY = YES;
				CLANG_WARN_ENUM_CONVERSION = YES;
				CLANG_WARN_INFINITE_RECURSION = YES;
				CLANG_WARN_INT_CONVERSION = YES;
				CLANG_WARN_NON_LITERAL_NULL_CONVERSION = YES;
				CLANG_WARN_OBJC_IMPLICIT_RETAIN_SELF = YES;
				CLANG_WARN_OBJC_LITERAL_CONVERSION = YES;
				CLANG_WARN_OBJC_ROOT_CLASS = YES_ERROR;
				CLANG_WARN_QUOTED_INCLUDE_IN_FRAMEWORK_HEADER = YES;
				CLANG_WARN_RANGE_LOOP_ANALYSIS = YES;
				CLANG_WARN_STRICT_PROTOTYPES = YES;
				CLANG_WARN_SUSPICIOUS_MOVE = YES;
				CLANG_WARN_UNGUARDED_AVAILABILITY = YES_AGGRESSIVE;
				CLANG_WARN_UNREACHABLE_CODE = YES;
				CLANG_WARN__DUPLICATE_METHOD_MATCH = YES;
				COPY_PHASE_STRIP = NO;
				DEBUG_INFORMATION_FORMAT = "dwarf-with-dsym";
				ENABLE_NS_ASSERTIONS = NO;
				ENABLE_STRICT_OBJC_MSGSEND = YES;
				GCC_C_LANGUAGE_STANDARD = gnu11;
				GCC_NO_COMMON_BLOCKS = YES;
				GCC_WARN_64_TO_32_BIT_CONVERSION = YES;
				GCC_WARN_ABOUT_RETURN_TYPE = YES_ERROR;
				GCC_WARN_UNDECLARED_SELECTOR = YES;
				GCC_WARN_UNINITIALIZED_AUTOS = YES_AGGRESSIVE;
				GCC_WARN_UNUSED_FUNCTION = YES;
				GCC_WARN_UNUSED_VARIABLE = YES;
				IPHONEOS_DEPLOYMENT_TARGET = 15.2;
				MTL_ENABLE_DEBUG_INFO = NO;
				MTL_FAST_MATH = YES;
				SDKROOT = iphoneos;
				SWIFT_COMPILATION_MODE = wholemodule;
				SWIFT_OPTIMIZATION_LEVEL = "-O";
				VALIDATE_PRODUCT = YES;
			};
			name = Release;
		};
		093C092627D700B4006458D4 /* Debug */ = {
			isa = XCBuildConfiguration;
			buildSettings = {
				ASSETCATALOG_COMPILER_APPICON_NAME = AppIcon;
				ASSETCATALOG_COMPILER_GLOBAL_ACCENT_COLOR_NAME = AccentColor;
				CODE_SIGN_STYLE = Automatic;
				CURRENT_PROJECT_VERSION = 1;
				DEVELOPMENT_ASSET_PATHS = "\"Objectives1.2/Preview Content\"";
				DEVELOPMENT_TEAM = W59W3QVKXJ;
				ENABLE_PREVIEWS = YES;
				GENERATE_INFOPLIST_FILE = YES;
				INFOPLIST_KEY_UIApplicationSceneManifest_Generation = YES;
				INFOPLIST_KEY_UIApplicationSupportsIndirectInputEvents = YES;
				INFOPLIST_KEY_UILaunchScreen_Generation = YES;
				INFOPLIST_KEY_UISupportedInterfaceOrientations = "UIInterfaceOrientationPortrait UIInterfaceOrientationLandscapeLeft UIInterfaceOrientationLandscapeRight";
				INFOPLIST_KEY_UISupportedInterfaceOrientations_iPad = "UIInterfaceOrientationPortrait UIInterfaceOrientationPortraitUpsideDown UIInterfaceOrientationLandscapeLeft UIInterfaceOrientationLandscapeRight";
				INFOPLIST_KEY_UISupportedInterfaceOrientations_iPhone = "UIInterfaceOrientationPortrait UIInterfaceOrientationLandscapeLeft UIInterfaceOrientationLandscapeRight";
				IPHONEOS_DEPLOYMENT_TARGET = 14.0;
				LD_RUNPATH_SEARCH_PATHS = (
					"$(inherited)",
					"@executable_path/Frameworks",
				);
				MARKETING_VERSION = 1.0;
				PRODUCT_BUNDLE_IDENTIFIER = "com.nuralab.Objectives1-2";
				PRODUCT_NAME = "$(TARGET_NAME)";
				SWIFT_EMIT_LOC_STRINGS = YES;
				SWIFT_VERSION = 5.0;
				TARGETED_DEVICE_FAMILY = "1,2";
			};
			name = Debug;
		};
		093C092727D700B4006458D4 /* Release */ = {
			isa = XCBuildConfiguration;
			buildSettings = {
				ASSETCATALOG_COMPILER_APPICON_NAME = AppIcon;
				ASSETCATALOG_COMPILER_GLOBAL_ACCENT_COLOR_NAME = AccentColor;
				CODE_SIGN_STYLE = Automatic;
				CURRENT_PROJECT_VERSION = 1;
				DEVELOPMENT_ASSET_PATHS = "\"Objectives1.2/Preview Content\"";
				DEVELOPMENT_TEAM = W59W3QVKXJ;
				ENABLE_PREVIEWS = YES;
				GENERATE_INFOPLIST_FILE = YES;
				INFOPLIST_KEY_UIApplicationSceneManifest_Generation = YES;
				INFOPLIST_KEY_UIApplicationSupportsIndirectInputEvents = YES;
				INFOPLIST_KEY_UILaunchScreen_Generation = YES;
				INFOPLIST_KEY_UISupportedInterfaceOrientations = "UIInterfaceOrientationPortrait UIInterfaceOrientationLandscapeLeft UIInterfaceOrientationLandscapeRight";
				INFOPLIST_KEY_UISupportedInterfaceOrientations_iPad = "UIInterfaceOrientationPortrait UIInterfaceOrientationPortraitUpsideDown UIInterfaceOrientationLandscapeLeft UIInterfaceOrientationLandscapeRight";
				INFOPLIST_KEY_UISupportedInterfaceOrientations_iPhone = "UIInterfaceOrientationPortrait UIInterfaceOrientationLandscapeLeft UIInterfaceOrientationLandscapeRight";
				IPHONEOS_DEPLOYMENT_TARGET = 14.0;
				LD_RUNPATH_SEARCH_PATHS = (
					"$(inherited)",
					"@executable_path/Frameworks",
				);
				MARKETING_VERSION = 1.0;
				PRODUCT_BUNDLE_IDENTIFIER = "com.nuralab.Objectives1-2";
				PRODUCT_NAME = "$(TARGET_NAME)";
				SWIFT_EMIT_LOC_STRINGS = YES;
				SWIFT_VERSION = 5.0;
				TARGETED_DEVICE_FAMILY = "1,2";
			};
			name = Release;
		};
		093C092927D700B4006458D4 /* Debug */ = {
			isa = XCBuildConfiguration;
			buildSettings = {
				ALWAYS_EMBED_SWIFT_STANDARD_LIBRARIES = YES;
				BUNDLE_LOADER = "$(TEST_HOST)";
				CODE_SIGN_STYLE = Automatic;
				CURRENT_PROJECT_VERSION = 1;
				DEVELOPMENT_TEAM = W59W3QVKXJ;
				GENERATE_INFOPLIST_FILE = YES;
				IPHONEOS_DEPLOYMENT_TARGET = 15.2;
				MARKETING_VERSION = 1.0;
				PRODUCT_BUNDLE_IDENTIFIER = "com.nuralab.Objectives1-2Tests";
				PRODUCT_NAME = "$(TARGET_NAME)";
				SWIFT_EMIT_LOC_STRINGS = NO;
				SWIFT_VERSION = 5.0;
				TARGETED_DEVICE_FAMILY = "1,2";
				TEST_HOST = "$(BUILT_PRODUCTS_DIR)/Objectives1.2.app/Objectives1.2";
			};
			name = Debug;
		};
		093C092A27D700B4006458D4 /* Release */ = {
			isa = XCBuildConfiguration;
			buildSettings = {
				ALWAYS_EMBED_SWIFT_STANDARD_LIBRARIES = YES;
				BUNDLE_LOADER = "$(TEST_HOST)";
				CODE_SIGN_STYLE = Automatic;
				CURRENT_PROJECT_VERSION = 1;
				DEVELOPMENT_TEAM = W59W3QVKXJ;
				GENERATE_INFOPLIST_FILE = YES;
				IPHONEOS_DEPLOYMENT_TARGET = 15.2;
				MARKETING_VERSION = 1.0;
				PRODUCT_BUNDLE_IDENTIFIER = "com.nuralab.Objectives1-2Tests";
				PRODUCT_NAME = "$(TARGET_NAME)";
				SWIFT_EMIT_LOC_STRINGS = NO;
				SWIFT_VERSION = 5.0;
				TARGETED_DEVICE_FAMILY = "1,2";
				TEST_HOST = "$(BUILT_PRODUCTS_DIR)/Objectives1.2.app/Objectives1.2";
			};
			name = Release;
		};
		093C092C27D700B4006458D4 /* Debug */ = {
			isa = XCBuildConfiguration;
			buildSettings = {
				ALWAYS_EMBED_SWIFT_STANDARD_LIBRARIES = YES;
				CODE_SIGN_STYLE = Automatic;
				CURRENT_PROJECT_VERSION = 1;
				DEVELOPMENT_TEAM = W59W3QVKXJ;
				GENERATE_INFOPLIST_FILE = YES;
				MARKETING_VERSION = 1.0;
				PRODUCT_BUNDLE_IDENTIFIER = "com.nuralab.Objectives1-2UITests";
				PRODUCT_NAME = "$(TARGET_NAME)";
				SWIFT_EMIT_LOC_STRINGS = NO;
				SWIFT_VERSION = 5.0;
				TARGETED_DEVICE_FAMILY = "1,2";
				TEST_TARGET_NAME = Objectives1.2;
			};
			name = Debug;
		};
		093C092D27D700B4006458D4 /* Release */ = {
			isa = XCBuildConfiguration;
			buildSettings = {
				ALWAYS_EMBED_SWIFT_STANDARD_LIBRARIES = YES;
				CODE_SIGN_STYLE = Automatic;
				CURRENT_PROJECT_VERSION = 1;
				DEVELOPMENT_TEAM = W59W3QVKXJ;
				GENERATE_INFOPLIST_FILE = YES;
				MARKETING_VERSION = 1.0;
				PRODUCT_BUNDLE_IDENTIFIER = "com.nuralab.Objectives1-2UITests";
				PRODUCT_NAME = "$(TARGET_NAME)";
				SWIFT_EMIT_LOC_STRINGS = NO;
				SWIFT_VERSION = 5.0;
				TARGETED_DEVICE_FAMILY = "1,2";
				TEST_TARGET_NAME = Objectives1.2;
			};
			name = Release;
		};
/* End XCBuildConfiguration section */

/* Begin XCConfigurationList section */
		093C08FC27D700B2006458D4 /* Build configuration list for PBXProject "Objectives1.2" */ = {
			isa = XCConfigurationList;
			buildConfigurations = (
				093C092327D700B4006458D4 /* Debug */,
				093C092427D700B4006458D4 /* Release */,
			);
			defaultConfigurationIsVisible = 0;
			defaultConfigurationName = Release;
		};
		093C092527D700B4006458D4 /* Build configuration list for PBXNativeTarget "Objectives1.2" */ = {
			isa = XCConfigurationList;
			buildConfigurations = (
				093C092627D700B4006458D4 /* Debug */,
				093C092727D700B4006458D4 /* Release */,
			);
			defaultConfigurationIsVisible = 0;
			defaultConfigurationName = Release;
		};
		093C092827D700B4006458D4 /* Build configuration list for PBXNativeTarget "Objectives1.2Tests" */ = {
			isa = XCConfigurationList;
			buildConfigurations = (
				093C092927D700B4006458D4 /* Debug */,
				093C092A27D700B4006458D4 /* Release */,
			);
			defaultConfigurationIsVisible = 0;
			defaultConfigurationName = Release;
		};
		093C092B27D700B4006458D4 /* Build configuration list for PBXNativeTarget "Objectives1.2UITests" */ = {
			isa = XCConfigurationList;
			buildConfigurations = (
				093C092C27D700B4006458D4 /* Debug */,
				093C092D27D700B4006458D4 /* Release */,
			);
			defaultConfigurationIsVisible = 0;
			defaultConfigurationName = Release;
		};
/* End XCConfigurationList section */

/* Begin XCVersionGroup section */
		092FE4C327D83705007A1768 /* ObjectiveModel.xcdatamodeld */ = {
			isa = XCVersionGroup;
			children = (
				092FE4C427D83705007A1768 /* ObjectiveModel.xcdatamodel */,
			);
			currentVersion = 092FE4C427D83705007A1768 /* ObjectiveModel.xcdatamodel */;
			path = ObjectiveModel.xcdatamodeld;
			sourceTree = "<group>";
			versionGroupType = wrapper.xcdatamodel;
		};
/* End XCVersionGroup section */
	};
	rootObject = 093C08F927D700B2006458D4 /* Project object */;
}
